
Microsoft Visual Studio Solution File, Format Version 12.00
Project("{FAE04EC0-301F-11D3-BF4B-00C04F79EFBC}") = "PokedexApi.NET", "PokedexApi.NET\PokedexApi.NET.csproj", "{FED2DB8C-1131-4E03-9185-2E831032A637}"
EndProject
Project("{FAE04EC0-301F-11D3-BF4B-00C04F79EFBC}") = "Test", "Test\Test.csproj", "{C33B2AB7-76E1-45E9-999A-0579EA44E9A6}"
EndProject
Global
	GlobalSection(SolutionConfigurationPlatforms) = preSolution
		Debug|Any CPU = Debug|Any CPU
		Release|Any CPU = Release|Any CPU
	EndGlobalSection
	GlobalSection(ProjectConfigurationPlatforms) = postSolution
		{FED2DB8C-1131-4E03-9185-2E831032A637}.Debug|Any CPU.ActiveCfg = Debug|Any CPU
		{FED2DB8C-1131-4E03-9185-2E831032A637}.Debug|Any CPU.Build.0 = Debug|Any CPU
		{FED2DB8C-1131-4E03-9185-2E831032A637}.Release|Any CPU.ActiveCfg = Release|Any CPU
		{FED2DB8C-1131-4E03-9185-2E831032A637}.Release|Any CPU.Build.0 = Release|Any CPU
		{C33B2AB7-76E1-45E9-999A-0579EA44E9A6}.Debug|Any CPU.ActiveCfg = Debug|Any CPU
		{C33B2AB7-76E1-45E9-999A-0579EA44E9A6}.Debug|Any CPU.Build.0 = Debug|Any CPU
		{C33B2AB7-76E1-45E9-999A-0579EA44E9A6}.Release|Any CPU.ActiveCfg = Release|Any CPU
		{C33B2AB7-76E1-45E9-999A-0579EA44E9A6}.Release|Any CPU.Build.0 = Release|Any CPU
	EndGlobalSection
EndGlobal
